// !$*UTF8*$!
{
	archiveVersion = 1;
	classes = {
	};
	objectVersion = 50;
	objects = {

/* Begin PBXBuildFile section */
		3A296F0E232A70760089F106 /* LiveVec.swift in Sources */ = {isa = PBXBuildFile; fileRef = 3A296F0D232A70750089F106 /* LiveVec.swift */; };
		3A296F0F232A70760089F106 /* LiveVec.swift in Sources */ = {isa = PBXBuildFile; fileRef = 3A296F0D232A70750089F106 /* LiveVec.swift */; };
		3ACA68C4232A3544003DD309 /* Live.h in Headers */ = {isa = PBXBuildFile; fileRef = 3ACA68C2232A3544003DD309 /* Live.h */; settings = {ATTRIBUTES = (Public, ); }; };
		3ACA68D3232A3551003DD309 /* LiveBool.swift in Sources */ = {isa = PBXBuildFile; fileRef = 3ACA68CB232A3551003DD309 /* LiveBool.swift */; };
		3ACA68D4232A3551003DD309 /* LiveInt.swift in Sources */ = {isa = PBXBuildFile; fileRef = 3ACA68CC232A3551003DD309 /* LiveInt.swift */; };
		3ACA68D5232A3551003DD309 /* LiveSize.swift in Sources */ = {isa = PBXBuildFile; fileRef = 3ACA68CD232A3551003DD309 /* LiveSize.swift */; };
		3ACA68D6232A3551003DD309 /* LiveFloat.swift in Sources */ = {isa = PBXBuildFile; fileRef = 3ACA68CE232A3551003DD309 /* LiveFloat.swift */; };
		3ACA68D7232A3551003DD309 /* LiveColor.swift in Sources */ = {isa = PBXBuildFile; fileRef = 3ACA68CF232A3551003DD309 /* LiveColor.swift */; };
		3ACA68D8232A3551003DD309 /* LiveValue.swift in Sources */ = {isa = PBXBuildFile; fileRef = 3ACA68D0232A3551003DD309 /* LiveValue.swift */; };
		3ACA68D9232A3551003DD309 /* LivePoint.swift in Sources */ = {isa = PBXBuildFile; fileRef = 3ACA68D1232A3551003DD309 /* LivePoint.swift */; };
		3ACA68DA232A3551003DD309 /* LiveRect.swift in Sources */ = {isa = PBXBuildFile; fileRef = 3ACA68D2232A3551003DD309 /* LiveRect.swift */; };
		3ACA68DE232A3606003DD309 /* String.swift in Sources */ = {isa = PBXBuildFile; fileRef = 3ACA68DD232A3606003DD309 /* String.swift */; };
		3ACA68E2232A368A003DD309 /* Live.swift in Sources */ = {isa = PBXBuildFile; fileRef = 3ACA68E1232A368A003DD309 /* Live.swift */; };
		3ACA68EC232A374A003DD309 /* Live_macOS.h in Headers */ = {isa = PBXBuildFile; fileRef = 3ACA68EA232A374A003DD309 /* Live_macOS.h */; settings = {ATTRIBUTES = (Public, ); }; };
		3ACA68F0232A3756003DD309 /* Live.swift in Sources */ = {isa = PBXBuildFile; fileRef = 3ACA68E1232A368A003DD309 /* Live.swift */; };
		3ACA68F1232A3756003DD309 /* LiveValue.swift in Sources */ = {isa = PBXBuildFile; fileRef = 3ACA68D0232A3551003DD309 /* LiveValue.swift */; };
		3ACA68F2232A3756003DD309 /* LiveFloat.swift in Sources */ = {isa = PBXBuildFile; fileRef = 3ACA68CE232A3551003DD309 /* LiveFloat.swift */; };
		3ACA68F3232A3756003DD309 /* LiveInt.swift in Sources */ = {isa = PBXBuildFile; fileRef = 3ACA68CC232A3551003DD309 /* LiveInt.swift */; };
		3ACA68F4232A3756003DD309 /* LiveBool.swift in Sources */ = {isa = PBXBuildFile; fileRef = 3ACA68CB232A3551003DD309 /* LiveBool.swift */; };
		3ACA68F5232A3756003DD309 /* LivePoint.swift in Sources */ = {isa = PBXBuildFile; fileRef = 3ACA68D1232A3551003DD309 /* LivePoint.swift */; };
		3ACA68F6232A3756003DD309 /* LiveSize.swift in Sources */ = {isa = PBXBuildFile; fileRef = 3ACA68CD232A3551003DD309 /* LiveSize.swift */; };
		3ACA68F7232A3756003DD309 /* LiveRect.swift in Sources */ = {isa = PBXBuildFile; fileRef = 3ACA68D2232A3551003DD309 /* LiveRect.swift */; };
		3ACA68F8232A3756003DD309 /* LiveColor.swift in Sources */ = {isa = PBXBuildFile; fileRef = 3ACA68CF232A3551003DD309 /* LiveColor.swift */; };
		3ACA68F9232A3756003DD309 /* String.swift in Sources */ = {isa = PBXBuildFile; fileRef = 3ACA68DD232A3606003DD309 /* String.swift */; };
		3ACA68FF232A392D003DD309 /* MIDI.swift in Sources */ = {isa = PBXBuildFile; fileRef = 3ACA68FC232A392D003DD309 /* MIDI.swift */; };
		3ACA6900232A392D003DD309 /* MIDI.swift in Sources */ = {isa = PBXBuildFile; fileRef = 3ACA68FC232A392D003DD309 /* MIDI.swift */; };
		3ACA6901232A392D003DD309 /* OSC.swift in Sources */ = {isa = PBXBuildFile; fileRef = 3ACA68FD232A392D003DD309 /* OSC.swift */; };
		3ACA6902232A392D003DD309 /* OSC.swift in Sources */ = {isa = PBXBuildFile; fileRef = 3ACA68FD232A392D003DD309 /* OSC.swift */; };
		3ACA6903232A392D003DD309 /* MIDIAssistant.swift in Sources */ = {isa = PBXBuildFile; fileRef = 3ACA68FE232A392D003DD309 /* MIDIAssistant.swift */; };
		3ACA6904232A392D003DD309 /* MIDIAssistant.swift in Sources */ = {isa = PBXBuildFile; fileRef = 3ACA68FE232A392D003DD309 /* MIDIAssistant.swift */; };
		7443E68A2343C3DD0084F947 /* Live_tvOS.h in Headers */ = {isa = PBXBuildFile; fileRef = 7443E6882343C3DD0084F947 /* Live_tvOS.h */; settings = {ATTRIBUTES = (Public, ); }; };
		7443E68E2343C4220084F947 /* Live.swift in Sources */ = {isa = PBXBuildFile; fileRef = 3ACA68E1232A368A003DD309 /* Live.swift */; };
		7443E68F2343C4270084F947 /* String.swift in Sources */ = {isa = PBXBuildFile; fileRef = 3ACA68DD232A3606003DD309 /* String.swift */; };
		7443E6912343C5EF0084F947 /* Motion.swift in Sources */ = {isa = PBXBuildFile; fileRef = 7443E6902343C5EE0084F947 /* Motion.swift */; };
		7443E6952343C6000084F947 /* LiveValue.swift in Sources */ = {isa = PBXBuildFile; fileRef = 3ACA68D0232A3551003DD309 /* LiveValue.swift */; };
		7443E6962343C6000084F947 /* LiveFloat.swift in Sources */ = {isa = PBXBuildFile; fileRef = 3ACA68CE232A3551003DD309 /* LiveFloat.swift */; };
		7443E6972343C6000084F947 /* LiveInt.swift in Sources */ = {isa = PBXBuildFile; fileRef = 3ACA68CC232A3551003DD309 /* LiveInt.swift */; };
		7443E6982343C6000084F947 /* LiveBool.swift in Sources */ = {isa = PBXBuildFile; fileRef = 3ACA68CB232A3551003DD309 /* LiveBool.swift */; };
		7443E6992343C6000084F947 /* LivePoint.swift in Sources */ = {isa = PBXBuildFile; fileRef = 3ACA68D1232A3551003DD309 /* LivePoint.swift */; };
		7443E69A2343C6000084F947 /* LiveSize.swift in Sources */ = {isa = PBXBuildFile; fileRef = 3ACA68CD232A3551003DD309 /* LiveSize.swift */; };
		7443E69B2343C6000084F947 /* LiveRect.swift in Sources */ = {isa = PBXBuildFile; fileRef = 3ACA68D2232A3551003DD309 /* LiveRect.swift */; };
		7443E69C2343C6000084F947 /* LiveColor.swift in Sources */ = {isa = PBXBuildFile; fileRef = 3ACA68CF232A3551003DD309 /* LiveColor.swift */; };
		7443E69D2343C6000084F947 /* LiveVec.swift in Sources */ = {isa = PBXBuildFile; fileRef = 3A296F0D232A70750089F106 /* LiveVec.swift */; };
		99088FD163F989F70803FCB5 /* Pods_Live.framework in Frameworks */ = {isa = PBXBuildFile; fileRef = 390544D84F98C1949B82223D /* Pods_Live.framework */; };
		F5F2F790F874E72662051CB2 /* Pods_Live_macOS.framework in Frameworks */ = {isa = PBXBuildFile; fileRef = 3D55C7486CBB532D0145813D /* Pods_Live_macOS.framework */; };
/* End PBXBuildFile section */

/* Begin PBXFileReference section */
		1CB456FBC3DC93A31C14F6F7 /* Pods-Live.release.xcconfig */ = {isa = PBXFileReference; includeInIndex = 1; lastKnownFileType = text.xcconfig; name = "Pods-Live.release.xcconfig"; path = "Target Support Files/Pods-Live/Pods-Live.release.xcconfig"; sourceTree = "<group>"; };
		2DF2FA2EC513EF61D126A8B6 /* Pods-Live-macOS.release.xcconfig */ = {isa = PBXFileReference; includeInIndex = 1; lastKnownFileType = text.xcconfig; name = "Pods-Live-macOS.release.xcconfig"; path = "Target Support Files/Pods-Live-macOS/Pods-Live-macOS.release.xcconfig"; sourceTree = "<group>"; };
		390544D84F98C1949B82223D /* Pods_Live.framework */ = {isa = PBXFileReference; explicitFileType = wrapper.framework; includeInIndex = 0; path = Pods_Live.framework; sourceTree = BUILT_PRODUCTS_DIR; };
		3A296F0D232A70750089F106 /* LiveVec.swift */ = {isa = PBXFileReference; fileEncoding = 4; lastKnownFileType = sourcecode.swift; path = LiveVec.swift; sourceTree = "<group>"; };
		3ACA68BF232A3544003DD309 /* Live.framework */ = {isa = PBXFileReference; explicitFileType = wrapper.framework; includeInIndex = 0; path = Live.framework; sourceTree = BUILT_PRODUCTS_DIR; };
		3ACA68C2232A3544003DD309 /* Live.h */ = {isa = PBXFileReference; lastKnownFileType = sourcecode.c.h; path = Live.h; sourceTree = "<group>"; };
		3ACA68CB232A3551003DD309 /* LiveBool.swift */ = {isa = PBXFileReference; fileEncoding = 4; lastKnownFileType = sourcecode.swift; path = LiveBool.swift; sourceTree = "<group>"; };
		3ACA68CC232A3551003DD309 /* LiveInt.swift */ = {isa = PBXFileReference; fileEncoding = 4; lastKnownFileType = sourcecode.swift; path = LiveInt.swift; sourceTree = "<group>"; };
		3ACA68CD232A3551003DD309 /* LiveSize.swift */ = {isa = PBXFileReference; fileEncoding = 4; lastKnownFileType = sourcecode.swift; path = LiveSize.swift; sourceTree = "<group>"; };
		3ACA68CE232A3551003DD309 /* LiveFloat.swift */ = {isa = PBXFileReference; fileEncoding = 4; lastKnownFileType = sourcecode.swift; path = LiveFloat.swift; sourceTree = "<group>"; };
		3ACA68CF232A3551003DD309 /* LiveColor.swift */ = {isa = PBXFileReference; fileEncoding = 4; lastKnownFileType = sourcecode.swift; path = LiveColor.swift; sourceTree = "<group>"; };
		3ACA68D0232A3551003DD309 /* LiveValue.swift */ = {isa = PBXFileReference; fileEncoding = 4; lastKnownFileType = sourcecode.swift; path = LiveValue.swift; sourceTree = "<group>"; };
		3ACA68D1232A3551003DD309 /* LivePoint.swift */ = {isa = PBXFileReference; fileEncoding = 4; lastKnownFileType = sourcecode.swift; path = LivePoint.swift; sourceTree = "<group>"; };
		3ACA68D2232A3551003DD309 /* LiveRect.swift */ = {isa = PBXFileReference; fileEncoding = 4; lastKnownFileType = sourcecode.swift; path = LiveRect.swift; sourceTree = "<group>"; };
		3ACA68DD232A3606003DD309 /* String.swift */ = {isa = PBXFileReference; fileEncoding = 4; lastKnownFileType = sourcecode.swift; path = String.swift; sourceTree = "<group>"; };
		3ACA68E1232A368A003DD309 /* Live.swift */ = {isa = PBXFileReference; lastKnownFileType = sourcecode.swift; path = Live.swift; sourceTree = "<group>"; };
		3ACA68E8232A374A003DD309 /* Live_macOS.framework */ = {isa = PBXFileReference; explicitFileType = wrapper.framework; includeInIndex = 0; path = Live_macOS.framework; sourceTree = BUILT_PRODUCTS_DIR; };
		3ACA68EA232A374A003DD309 /* Live_macOS.h */ = {isa = PBXFileReference; lastKnownFileType = sourcecode.c.h; path = Live_macOS.h; sourceTree = "<group>"; };
		3ACA68EB232A374A003DD309 /* Info.plist */ = {isa = PBXFileReference; lastKnownFileType = text.plist.xml; path = Info.plist; sourceTree = "<group>"; };
		3ACA68FC232A392D003DD309 /* MIDI.swift */ = {isa = PBXFileReference; fileEncoding = 4; lastKnownFileType = sourcecode.swift; path = MIDI.swift; sourceTree = "<group>"; };
		3ACA68FD232A392D003DD309 /* OSC.swift */ = {isa = PBXFileReference; fileEncoding = 4; lastKnownFileType = sourcecode.swift; path = OSC.swift; sourceTree = "<group>"; };
		3ACA68FE232A392D003DD309 /* MIDIAssistant.swift */ = {isa = PBXFileReference; fileEncoding = 4; lastKnownFileType = sourcecode.swift; path = MIDIAssistant.swift; sourceTree = "<group>"; };
		3D55C7486CBB532D0145813D /* Pods_Live_macOS.framework */ = {isa = PBXFileReference; explicitFileType = wrapper.framework; includeInIndex = 0; path = Pods_Live_macOS.framework; sourceTree = BUILT_PRODUCTS_DIR; };
		7443E6862343C3DD0084F947 /* Live_tvOS.framework */ = {isa = PBXFileReference; explicitFileType = wrapper.framework; includeInIndex = 0; path = Live_tvOS.framework; sourceTree = BUILT_PRODUCTS_DIR; };
		7443E6882343C3DD0084F947 /* Live_tvOS.h */ = {isa = PBXFileReference; lastKnownFileType = sourcecode.c.h; path = Live_tvOS.h; sourceTree = "<group>"; };
		7443E6902343C5EE0084F947 /* Motion.swift */ = {isa = PBXFileReference; fileEncoding = 4; lastKnownFileType = sourcecode.swift; path = Motion.swift; sourceTree = "<group>"; };
		A480F354E4E3D38C19335CF7 /* Pods-Live.debug.xcconfig */ = {isa = PBXFileReference; includeInIndex = 1; lastKnownFileType = text.xcconfig; name = "Pods-Live.debug.xcconfig"; path = "Target Support Files/Pods-Live/Pods-Live.debug.xcconfig"; sourceTree = "<group>"; };
		C069119201349C07A9A2D434 /* Pods-Live-macOS.debug.xcconfig */ = {isa = PBXFileReference; includeInIndex = 1; lastKnownFileType = text.xcconfig; name = "Pods-Live-macOS.debug.xcconfig"; path = "Target Support Files/Pods-Live-macOS/Pods-Live-macOS.debug.xcconfig"; sourceTree = "<group>"; };
/* End PBXFileReference section */

/* Begin PBXFrameworksBuildPhase section */
		3ACA68BC232A3544003DD309 /* Frameworks */ = {
			isa = PBXFrameworksBuildPhase;
			buildActionMask = 2147483647;
			files = (
				99088FD163F989F70803FCB5 /* Pods_Live.framework in Frameworks */,
			);
			runOnlyForDeploymentPostprocessing = 0;
		};
		3ACA68E5232A374A003DD309 /* Frameworks */ = {
			isa = PBXFrameworksBuildPhase;
			buildActionMask = 2147483647;
			files = (
				F5F2F790F874E72662051CB2 /* Pods_Live_macOS.framework in Frameworks */,
			);
			runOnlyForDeploymentPostprocessing = 0;
		};
		7443E6832343C3DD0084F947 /* Frameworks */ = {
			isa = PBXFrameworksBuildPhase;
			buildActionMask = 2147483647;
			files = (
			);
			runOnlyForDeploymentPostprocessing = 0;
		};
/* End PBXFrameworksBuildPhase section */

/* Begin PBXGroup section */
		3A8DD077232A399B00AC98E5 /* Resources */ = {
			isa = PBXGroup;
			children = (
				3ACA68EB232A374A003DD309 /* Info.plist */,
			);
			path = Resources;
			sourceTree = "<group>";
		};
		3ACA68B5232A3544003DD309 = {
			isa = PBXGroup;
			children = (
				3ACA68C1232A3544003DD309 /* Source */,
				3A8DD077232A399B00AC98E5 /* Resources */,
				3ACA68C0232A3544003DD309 /* Products */,
				E6BC565259CB2CAB22E6548C /* Pods */,
				A1B3390E8C20AF74DC5CB643 /* Frameworks */,
			);
			sourceTree = "<group>";
		};
		3ACA68C0232A3544003DD309 /* Products */ = {
			isa = PBXGroup;
			children = (
				3ACA68BF232A3544003DD309 /* Live.framework */,
				3ACA68E8232A374A003DD309 /* Live_macOS.framework */,
				7443E6862343C3DD0084F947 /* Live_tvOS.framework */,
			);
			name = Products;
			sourceTree = "<group>";
		};
		3ACA68C1232A3544003DD309 /* Source */ = {
			isa = PBXGroup;
			children = (
				3ACA68C2232A3544003DD309 /* Live.h */,
				3ACA68EA232A374A003DD309 /* Live_macOS.h */,
				7443E6882343C3DD0084F947 /* Live_tvOS.h */,
				3ACA68E1232A368A003DD309 /* Live.swift */,
				3ACA68CA232A3551003DD309 /* Live */,
				3ACA68FB232A391B003DD309 /* Data */,
				3ACA68DC232A35FC003DD309 /* Other */,
			);
			path = Source;
			sourceTree = "<group>";
		};
		3ACA68CA232A3551003DD309 /* Live */ = {
			isa = PBXGroup;
			children = (
				3ACA68D0232A3551003DD309 /* LiveValue.swift */,
				3ACA68CE232A3551003DD309 /* LiveFloat.swift */,
				3ACA68CC232A3551003DD309 /* LiveInt.swift */,
				3ACA68CB232A3551003DD309 /* LiveBool.swift */,
				3ACA68D1232A3551003DD309 /* LivePoint.swift */,
				3ACA68CD232A3551003DD309 /* LiveSize.swift */,
				3ACA68D2232A3551003DD309 /* LiveRect.swift */,
				3ACA68CF232A3551003DD309 /* LiveColor.swift */,
				3A296F0D232A70750089F106 /* LiveVec.swift */,
			);
			path = Live;
			sourceTree = "<group>";
		};
		3ACA68DC232A35FC003DD309 /* Other */ = {
			isa = PBXGroup;
			children = (
				3ACA68DD232A3606003DD309 /* String.swift */,
			);
			path = Other;
			sourceTree = "<group>";
		};
		3ACA68FB232A391B003DD309 /* Data */ = {
			isa = PBXGroup;
			children = (
				3ACA68FC232A392D003DD309 /* MIDI.swift */,
				3ACA68FE232A392D003DD309 /* MIDIAssistant.swift */,
				3ACA68FD232A392D003DD309 /* OSC.swift */,
				7443E6902343C5EE0084F947 /* Motion.swift */,
			);
			path = Data;
			sourceTree = "<group>";
		};
		A1B3390E8C20AF74DC5CB643 /* Frameworks */ = {
			isa = PBXGroup;
			children = (
				390544D84F98C1949B82223D /* Pods_Live.framework */,
				3D55C7486CBB532D0145813D /* Pods_Live_macOS.framework */,
			);
			name = Frameworks;
			sourceTree = "<group>";
		};
		E6BC565259CB2CAB22E6548C /* Pods */ = {
			isa = PBXGroup;
			children = (
				A480F354E4E3D38C19335CF7 /* Pods-Live.debug.xcconfig */,
				1CB456FBC3DC93A31C14F6F7 /* Pods-Live.release.xcconfig */,
				C069119201349C07A9A2D434 /* Pods-Live-macOS.debug.xcconfig */,
				2DF2FA2EC513EF61D126A8B6 /* Pods-Live-macOS.release.xcconfig */,
			);
			path = Pods;
			sourceTree = "<group>";
		};
/* End PBXGroup section */

/* Begin PBXHeadersBuildPhase section */
		3ACA68BA232A3544003DD309 /* Headers */ = {
			isa = PBXHeadersBuildPhase;
			buildActionMask = 2147483647;
			files = (
				3ACA68C4232A3544003DD309 /* Live.h in Headers */,
			);
			runOnlyForDeploymentPostprocessing = 0;
		};
		3ACA68E3232A374A003DD309 /* Headers */ = {
			isa = PBXHeadersBuildPhase;
			buildActionMask = 2147483647;
			files = (
				3ACA68EC232A374A003DD309 /* Live_macOS.h in Headers */,
			);
			runOnlyForDeploymentPostprocessing = 0;
		};
		7443E6812343C3DD0084F947 /* Headers */ = {
			isa = PBXHeadersBuildPhase;
			buildActionMask = 2147483647;
			files = (
				7443E68A2343C3DD0084F947 /* Live_tvOS.h in Headers */,
			);
			runOnlyForDeploymentPostprocessing = 0;
		};
/* End PBXHeadersBuildPhase section */

/* Begin PBXNativeTarget section */
		3ACA68BE232A3544003DD309 /* Live */ = {
			isa = PBXNativeTarget;
			buildConfigurationList = 3ACA68C7232A3544003DD309 /* Build configuration list for PBXNativeTarget "Live" */;
			buildPhases = (
				E555BA67F2250A4E384A47EE /* [CP] Check Pods Manifest.lock */,
				3ACA68BA232A3544003DD309 /* Headers */,
				3ACA68BB232A3544003DD309 /* Sources */,
				3ACA68BC232A3544003DD309 /* Frameworks */,
				3ACA68BD232A3544003DD309 /* Resources */,
			);
			buildRules = (
			);
			dependencies = (
			);
			name = Live;
			productName = Live;
			productReference = 3ACA68BF232A3544003DD309 /* Live.framework */;
			productType = "com.apple.product-type.framework";
		};
		3ACA68E7232A374A003DD309 /* Live-macOS */ = {
			isa = PBXNativeTarget;
			buildConfigurationList = 3ACA68ED232A374A003DD309 /* Build configuration list for PBXNativeTarget "Live-macOS" */;
			buildPhases = (
				655DABD72FBD8A42E3424E3B /* [CP] Check Pods Manifest.lock */,
				3ACA68E3232A374A003DD309 /* Headers */,
				3ACA68E4232A374A003DD309 /* Sources */,
				3ACA68E5232A374A003DD309 /* Frameworks */,
				3ACA68E6232A374A003DD309 /* Resources */,
			);
			buildRules = (
			);
			dependencies = (
			);
			name = "Live-macOS";
			productName = "Live-macOS";
			productReference = 3ACA68E8232A374A003DD309 /* Live_macOS.framework */;
			productType = "com.apple.product-type.framework";
		};
		7443E6852343C3DD0084F947 /* Live-tvOS */ = {
			isa = PBXNativeTarget;
			buildConfigurationList = 7443E68D2343C3DD0084F947 /* Build configuration list for PBXNativeTarget "Live-tvOS" */;
			buildPhases = (
				7443E6812343C3DD0084F947 /* Headers */,
				7443E6822343C3DD0084F947 /* Sources */,
				7443E6832343C3DD0084F947 /* Frameworks */,
				7443E6842343C3DD0084F947 /* Resources */,
			);
			buildRules = (
			);
			dependencies = (
			);
			name = "Live-tvOS";
			productName = "Live-tvOS";
			productReference = 7443E6862343C3DD0084F947 /* Live_tvOS.framework */;
			productType = "com.apple.product-type.framework";
		};
/* End PBXNativeTarget section */

/* Begin PBXProject section */
		3ACA68B6232A3544003DD309 /* Project object */ = {
			isa = PBXProject;
			attributes = {
				LastUpgradeCheck = 1100;
				ORGANIZATIONNAME = Hexagons;
				TargetAttributes = {
					3ACA68BE232A3544003DD309 = {
						CreatedOnToolsVersion = 11.0;
					};
					3ACA68E7232A374A003DD309 = {
						CreatedOnToolsVersion = 11.0;
					};
					7443E6852343C3DD0084F947 = {
						CreatedOnToolsVersion = 11.0;
					};
				};
			};
			buildConfigurationList = 3ACA68B9232A3544003DD309 /* Build configuration list for PBXProject "Live" */;
			compatibilityVersion = "Xcode 9.3";
			developmentRegion = en;
			hasScannedForEncodings = 0;
			knownRegions = (
				en,
				Base,
			);
			mainGroup = 3ACA68B5232A3544003DD309;
			productRefGroup = 3ACA68C0232A3544003DD309 /* Products */;
			projectDirPath = "";
			projectRoot = "";
			targets = (
				3ACA68BE232A3544003DD309 /* Live */,
				3ACA68E7232A374A003DD309 /* Live-macOS */,
				7443E6852343C3DD0084F947 /* Live-tvOS */,
			);
		};
/* End PBXProject section */

/* Begin PBXResourcesBuildPhase section */
		3ACA68BD232A3544003DD309 /* Resources */ = {
			isa = PBXResourcesBuildPhase;
			buildActionMask = 2147483647;
			files = (
			);
			runOnlyForDeploymentPostprocessing = 0;
		};
		3ACA68E6232A374A003DD309 /* Resources */ = {
			isa = PBXResourcesBuildPhase;
			buildActionMask = 2147483647;
			files = (
			);
			runOnlyForDeploymentPostprocessing = 0;
		};
		7443E6842343C3DD0084F947 /* Resources */ = {
			isa = PBXResourcesBuildPhase;
			buildActionMask = 2147483647;
			files = (
			);
			runOnlyForDeploymentPostprocessing = 0;
		};
/* End PBXResourcesBuildPhase section */

/* Begin PBXShellScriptBuildPhase section */
		655DABD72FBD8A42E3424E3B /* [CP] Check Pods Manifest.lock */ = {
			isa = PBXShellScriptBuildPhase;
			buildActionMask = 2147483647;
			files = (
			);
			inputFileListPaths = (
			);
			inputPaths = (
				"${PODS_PODFILE_DIR_PATH}/Podfile.lock",
				"${PODS_ROOT}/Manifest.lock",
			);
			name = "[CP] Check Pods Manifest.lock";
			outputFileListPaths = (
			);
			outputPaths = (
				"$(DERIVED_FILE_DIR)/Pods-Live-macOS-checkManifestLockResult.txt",
			);
			runOnlyForDeploymentPostprocessing = 0;
			shellPath = /bin/sh;
			shellScript = "diff \"${PODS_PODFILE_DIR_PATH}/Podfile.lock\" \"${PODS_ROOT}/Manifest.lock\" > /dev/null\nif [ $? != 0 ] ; then\n    # print error to STDERR\n    echo \"error: The sandbox is not in sync with the Podfile.lock. Run 'pod install' or update your CocoaPods installation.\" >&2\n    exit 1\nfi\n# This output is used by Xcode 'outputs' to avoid re-running this script phase.\necho \"SUCCESS\" > \"${SCRIPT_OUTPUT_FILE_0}\"\n";
			showEnvVarsInLog = 0;
		};
		E555BA67F2250A4E384A47EE /* [CP] Check Pods Manifest.lock */ = {
			isa = PBXShellScriptBuildPhase;
			buildActionMask = 2147483647;
			files = (
			);
			inputFileListPaths = (
			);
			inputPaths = (
				"${PODS_PODFILE_DIR_PATH}/Podfile.lock",
				"${PODS_ROOT}/Manifest.lock",
			);
			name = "[CP] Check Pods Manifest.lock";
			outputFileListPaths = (
			);
			outputPaths = (
				"$(DERIVED_FILE_DIR)/Pods-Live-checkManifestLockResult.txt",
			);
			runOnlyForDeploymentPostprocessing = 0;
			shellPath = /bin/sh;
			shellScript = "diff \"${PODS_PODFILE_DIR_PATH}/Podfile.lock\" \"${PODS_ROOT}/Manifest.lock\" > /dev/null\nif [ $? != 0 ] ; then\n    # print error to STDERR\n    echo \"error: The sandbox is not in sync with the Podfile.lock. Run 'pod install' or update your CocoaPods installation.\" >&2\n    exit 1\nfi\n# This output is used by Xcode 'outputs' to avoid re-running this script phase.\necho \"SUCCESS\" > \"${SCRIPT_OUTPUT_FILE_0}\"\n";
			showEnvVarsInLog = 0;
		};
/* End PBXShellScriptBuildPhase section */

/* Begin PBXSourcesBuildPhase section */
		3ACA68BB232A3544003DD309 /* Sources */ = {
			isa = PBXSourcesBuildPhase;
			buildActionMask = 2147483647;
			files = (
				3ACA68D9232A3551003DD309 /* LivePoint.swift in Sources */,
				3ACA6903232A392D003DD309 /* MIDIAssistant.swift in Sources */,
				3ACA68D6232A3551003DD309 /* LiveFloat.swift in Sources */,
				3ACA68D3232A3551003DD309 /* LiveBool.swift in Sources */,
				3ACA68E2232A368A003DD309 /* Live.swift in Sources */,
				3A296F0E232A70760089F106 /* LiveVec.swift in Sources */,
				3ACA68DE232A3606003DD309 /* String.swift in Sources */,
				3ACA68D7232A3551003DD309 /* LiveColor.swift in Sources */,
				3ACA68D4232A3551003DD309 /* LiveInt.swift in Sources */,
				3ACA6901232A392D003DD309 /* OSC.swift in Sources */,
				3ACA68FF232A392D003DD309 /* MIDI.swift in Sources */,
				3ACA68D5232A3551003DD309 /* LiveSize.swift in Sources */,
				3ACA68D8232A3551003DD309 /* LiveValue.swift in Sources */,
				7443E6912343C5EF0084F947 /* Motion.swift in Sources */,
				3ACA68DA232A3551003DD309 /* LiveRect.swift in Sources */,
			);
			runOnlyForDeploymentPostprocessing = 0;
		};
		3ACA68E4232A374A003DD309 /* Sources */ = {
			isa = PBXSourcesBuildPhase;
			buildActionMask = 2147483647;
			files = (
				3ACA68F0232A3756003DD309 /* Live.swift in Sources */,
				3ACA6904232A392D003DD309 /* MIDIAssistant.swift in Sources */,
				3ACA68F8232A3756003DD309 /* LiveColor.swift in Sources */,
				3ACA68F9232A3756003DD309 /* String.swift in Sources */,
				3ACA68F4232A3756003DD309 /* LiveBool.swift in Sources */,
				3ACA68F5232A3756003DD309 /* LivePoint.swift in Sources */,
				3A296F0F232A70760089F106 /* LiveVec.swift in Sources */,
				3ACA68F2232A3756003DD309 /* LiveFloat.swift in Sources */,
				3ACA68F1232A3756003DD309 /* LiveValue.swift in Sources */,
				3ACA6902232A392D003DD309 /* OSC.swift in Sources */,
				3ACA6900232A392D003DD309 /* MIDI.swift in Sources */,
				3ACA68F6232A3756003DD309 /* LiveSize.swift in Sources */,
				3ACA68F3232A3756003DD309 /* LiveInt.swift in Sources */,
				3ACA68F7232A3756003DD309 /* LiveRect.swift in Sources */,
			);
			runOnlyForDeploymentPostprocessing = 0;
		};
		7443E6822343C3DD0084F947 /* Sources */ = {
			isa = PBXSourcesBuildPhase;
			buildActionMask = 2147483647;
			files = (
				7443E68F2343C4270084F947 /* String.swift in Sources */,
				7443E68E2343C4220084F947 /* Live.swift in Sources */,
				7443E6992343C6000084F947 /* LivePoint.swift in Sources */,
				7443E6962343C6000084F947 /* LiveFloat.swift in Sources */,
				7443E6972343C6000084F947 /* LiveInt.swift in Sources */,
				7443E69D2343C6000084F947 /* LiveVec.swift in Sources */,
				7443E69C2343C6000084F947 /* LiveColor.swift in Sources */,
				7443E6982343C6000084F947 /* LiveBool.swift in Sources */,
				7443E6952343C6000084F947 /* LiveValue.swift in Sources */,
				7443E69A2343C6000084F947 /* LiveSize.swift in Sources */,
				7443E69B2343C6000084F947 /* LiveRect.swift in Sources */,
			);
			runOnlyForDeploymentPostprocessing = 0;
		};
/* End PBXSourcesBuildPhase section */

/* Begin XCBuildConfiguration section */
		3ACA68C5232A3544003DD309 /* Debug */ = {
			isa = XCBuildConfiguration;
			buildSettings = {
				ALWAYS_SEARCH_USER_PATHS = NO;
				CLANG_ANALYZER_NONNULL = YES;
				CLANG_ANALYZER_NUMBER_OBJECT_CONVERSION = YES_AGGRESSIVE;
				CLANG_CXX_LANGUAGE_STANDARD = "gnu++14";
				CLANG_CXX_LIBRARY = "libc++";
				CLANG_ENABLE_MODULES = YES;
				CLANG_ENABLE_OBJC_ARC = YES;
				CLANG_ENABLE_OBJC_WEAK = YES;
				CLANG_WARN_BLOCK_CAPTURE_AUTORELEASING = YES;
				CLANG_WARN_BOOL_CONVERSION = YES;
				CLANG_WARN_COMMA = YES;
				CLANG_WARN_CONSTANT_CONVERSION = YES;
				CLANG_WARN_DEPRECATED_OBJC_IMPLEMENTATIONS = YES;
				CLANG_WARN_DIRECT_OBJC_ISA_USAGE = YES_ERROR;
				CLANG_WARN_DOCUMENTATION_COMMENTS = YES;
				CLANG_WARN_EMPTY_BODY = YES;
				CLANG_WARN_ENUM_CONVERSION = YES;
				CLANG_WARN_INFINITE_RECURSION = YES;
				CLANG_WARN_INT_CONVERSION = YES;
				CLANG_WARN_NON_LITERAL_NULL_CONVERSION = YES;
				CLANG_WARN_OBJC_IMPLICIT_RETAIN_SELF = YES;
				CLANG_WARN_OBJC_LITERAL_CONVERSION = YES;
				CLANG_WARN_OBJC_ROOT_CLASS = YES_ERROR;
				CLANG_WARN_RANGE_LOOP_ANALYSIS = YES;
				CLANG_WARN_STRICT_PROTOTYPES = YES;
				CLANG_WARN_SUSPICIOUS_MOVE = YES;
				CLANG_WARN_UNGUARDED_AVAILABILITY = YES_AGGRESSIVE;
				CLANG_WARN_UNREACHABLE_CODE = YES;
				CLANG_WARN__DUPLICATE_METHOD_MATCH = YES;
				COPY_PHASE_STRIP = NO;
				CURRENT_PROJECT_VERSION = 1;
				DEBUG_INFORMATION_FORMAT = dwarf;
				ENABLE_STRICT_OBJC_MSGSEND = YES;
				ENABLE_TESTABILITY = YES;
				GCC_C_LANGUAGE_STANDARD = gnu11;
				GCC_DYNAMIC_NO_PIC = NO;
				GCC_NO_COMMON_BLOCKS = YES;
				GCC_OPTIMIZATION_LEVEL = 0;
				GCC_PREPROCESSOR_DEFINITIONS = (
					"DEBUG=1",
					"$(inherited)",
				);
				GCC_WARN_64_TO_32_BIT_CONVERSION = YES;
				GCC_WARN_ABOUT_RETURN_TYPE = YES_ERROR;
				GCC_WARN_UNDECLARED_SELECTOR = YES;
				GCC_WARN_UNINITIALIZED_AUTOS = YES_AGGRESSIVE;
				GCC_WARN_UNUSED_FUNCTION = YES;
				GCC_WARN_UNUSED_VARIABLE = YES;
				IPHONEOS_DEPLOYMENT_TARGET = 13.0;
				MTL_ENABLE_DEBUG_INFO = INCLUDE_SOURCE;
				MTL_FAST_MATH = YES;
				ONLY_ACTIVE_ARCH = YES;
				SDKROOT = iphoneos;
				SWIFT_ACTIVE_COMPILATION_CONDITIONS = DEBUG;
				SWIFT_OPTIMIZATION_LEVEL = "-Onone";
				VERSIONING_SYSTEM = "apple-generic";
				VERSION_INFO_PREFIX = "";
			};
			name = Debug;
		};
		3ACA68C6232A3544003DD309 /* Release */ = {
			isa = XCBuildConfiguration;
			buildSettings = {
				ALWAYS_SEARCH_USER_PATHS = NO;
				CLANG_ANALYZER_NONNULL = YES;
				CLANG_ANALYZER_NUMBER_OBJECT_CONVERSION = YES_AGGRESSIVE;
				CLANG_CXX_LANGUAGE_STANDARD = "gnu++14";
				CLANG_CXX_LIBRARY = "libc++";
				CLANG_ENABLE_MODULES = YES;
				CLANG_ENABLE_OBJC_ARC = YES;
				CLANG_ENABLE_OBJC_WEAK = YES;
				CLANG_WARN_BLOCK_CAPTURE_AUTORELEASING = YES;
				CLANG_WARN_BOOL_CONVERSION = YES;
				CLANG_WARN_COMMA = YES;
				CLANG_WARN_CONSTANT_CONVERSION = YES;
				CLANG_WARN_DEPRECATED_OBJC_IMPLEMENTATIONS = YES;
				CLANG_WARN_DIRECT_OBJC_ISA_USAGE = YES_ERROR;
				CLANG_WARN_DOCUMENTATION_COMMENTS = YES;
				CLANG_WARN_EMPTY_BODY = YES;
				CLANG_WARN_ENUM_CONVERSION = YES;
				CLANG_WARN_INFINITE_RECURSION = YES;
				CLANG_WARN_INT_CONVERSION = YES;
				CLANG_WARN_NON_LITERAL_NULL_CONVERSION = YES;
				CLANG_WARN_OBJC_IMPLICIT_RETAIN_SELF = YES;
				CLANG_WARN_OBJC_LITERAL_CONVERSION = YES;
				CLANG_WARN_OBJC_ROOT_CLASS = YES_ERROR;
				CLANG_WARN_RANGE_LOOP_ANALYSIS = YES;
				CLANG_WARN_STRICT_PROTOTYPES = YES;
				CLANG_WARN_SUSPICIOUS_MOVE = YES;
				CLANG_WARN_UNGUARDED_AVAILABILITY = YES_AGGRESSIVE;
				CLANG_WARN_UNREACHABLE_CODE = YES;
				CLANG_WARN__DUPLICATE_METHOD_MATCH = YES;
				COPY_PHASE_STRIP = NO;
				CURRENT_PROJECT_VERSION = 1;
				DEBUG_INFORMATION_FORMAT = "dwarf-with-dsym";
				ENABLE_NS_ASSERTIONS = NO;
				ENABLE_STRICT_OBJC_MSGSEND = YES;
				GCC_C_LANGUAGE_STANDARD = gnu11;
				GCC_NO_COMMON_BLOCKS = YES;
				GCC_WARN_64_TO_32_BIT_CONVERSION = YES;
				GCC_WARN_ABOUT_RETURN_TYPE = YES_ERROR;
				GCC_WARN_UNDECLARED_SELECTOR = YES;
				GCC_WARN_UNINITIALIZED_AUTOS = YES_AGGRESSIVE;
				GCC_WARN_UNUSED_FUNCTION = YES;
				GCC_WARN_UNUSED_VARIABLE = YES;
				IPHONEOS_DEPLOYMENT_TARGET = 13.0;
				MTL_ENABLE_DEBUG_INFO = NO;
				MTL_FAST_MATH = YES;
				SDKROOT = iphoneos;
				SWIFT_COMPILATION_MODE = wholemodule;
				SWIFT_OPTIMIZATION_LEVEL = "-O";
				VALIDATE_PRODUCT = YES;
				VERSIONING_SYSTEM = "apple-generic";
				VERSION_INFO_PREFIX = "";
			};
			name = Release;
		};
		3ACA68C8232A3544003DD309 /* Debug */ = {
			isa = XCBuildConfiguration;
			baseConfigurationReference = A480F354E4E3D38C19335CF7 /* Pods-Live.debug.xcconfig */;
			buildSettings = {
				CODE_SIGN_STYLE = Automatic;
				DEFINES_MODULE = YES;
				DEVELOPMENT_TEAM = 2QHTY6FMW2;
				DYLIB_COMPATIBILITY_VERSION = 1;
				DYLIB_CURRENT_VERSION = 1;
				DYLIB_INSTALL_NAME_BASE = "@rpath";
				INFOPLIST_FILE = "$(SRCROOT)/Resources/Info.plist";
				INSTALL_PATH = "$(LOCAL_LIBRARY_DIR)/Frameworks";
				IPHONEOS_DEPLOYMENT_TARGET = 11.0;
				LD_RUNPATH_SEARCH_PATHS = (
					"$(inherited)",
					"@executable_path/Frameworks",
					"@loader_path/Frameworks",
				);
				MARKETING_VERSION = 1.0.0;
				PRODUCT_BUNDLE_IDENTIFIER = se.hexagons.live;
				PRODUCT_NAME = "$(TARGET_NAME:c99extidentifier)";
				SKIP_INSTALL = YES;
				SWIFT_VERSION = 5.0;
				TARGETED_DEVICE_FAMILY = "1,2";
			};
			name = Debug;
		};
		3ACA68C9232A3544003DD309 /* Release */ = {
			isa = XCBuildConfiguration;
			baseConfigurationReference = 1CB456FBC3DC93A31C14F6F7 /* Pods-Live.release.xcconfig */;
			buildSettings = {
				CODE_SIGN_STYLE = Automatic;
				DEFINES_MODULE = YES;
				DEVELOPMENT_TEAM = 2QHTY6FMW2;
				DYLIB_COMPATIBILITY_VERSION = 1;
				DYLIB_CURRENT_VERSION = 1;
				DYLIB_INSTALL_NAME_BASE = "@rpath";
				INFOPLIST_FILE = "$(SRCROOT)/Resources/Info.plist";
				INSTALL_PATH = "$(LOCAL_LIBRARY_DIR)/Frameworks";
				IPHONEOS_DEPLOYMENT_TARGET = 11.0;
				LD_RUNPATH_SEARCH_PATHS = (
					"$(inherited)",
					"@executable_path/Frameworks",
					"@loader_path/Frameworks",
				);
				MARKETING_VERSION = 1.0.0;
				PRODUCT_BUNDLE_IDENTIFIER = se.hexagons.live;
				PRODUCT_NAME = "$(TARGET_NAME:c99extidentifier)";
				SKIP_INSTALL = YES;
				SWIFT_VERSION = 5.0;
				TARGETED_DEVICE_FAMILY = "1,2";
			};
			name = Release;
		};
		3ACA68EE232A374A003DD309 /* Debug */ = {
			isa = XCBuildConfiguration;
			baseConfigurationReference = C069119201349C07A9A2D434 /* Pods-Live-macOS.debug.xcconfig */;
			buildSettings = {
				CODE_SIGN_STYLE = Automatic;
				COMBINE_HIDPI_IMAGES = YES;
				DEFINES_MODULE = YES;
				DEVELOPMENT_TEAM = 2QHTY6FMW2;
				DYLIB_COMPATIBILITY_VERSION = 1;
				DYLIB_CURRENT_VERSION = 1;
				DYLIB_INSTALL_NAME_BASE = "@rpath";
				INFOPLIST_FILE = Resources/Info.plist;
				INSTALL_PATH = "$(LOCAL_LIBRARY_DIR)/Frameworks";
				LD_RUNPATH_SEARCH_PATHS = (
					"$(inherited)",
					"@executable_path/../Frameworks",
					"@loader_path/Frameworks",
				);
				MACOSX_DEPLOYMENT_TARGET = 10.13;
				MARKETING_VERSION = 1.0.0;
				PRODUCT_BUNDLE_IDENTIFIER = se.hexagons.live.mac;
				PRODUCT_NAME = "$(TARGET_NAME:c99extidentifier)";
				SDKROOT = macosx;
				SKIP_INSTALL = YES;
				SWIFT_VERSION = 5.0;
			};
			name = Debug;
		};
		3ACA68EF232A374A003DD309 /* Release */ = {
			isa = XCBuildConfiguration;
			baseConfigurationReference = 2DF2FA2EC513EF61D126A8B6 /* Pods-Live-macOS.release.xcconfig */;
			buildSettings = {
				CODE_SIGN_STYLE = Automatic;
				COMBINE_HIDPI_IMAGES = YES;
				DEFINES_MODULE = YES;
				DEVELOPMENT_TEAM = 2QHTY6FMW2;
				DYLIB_COMPATIBILITY_VERSION = 1;
				DYLIB_CURRENT_VERSION = 1;
				DYLIB_INSTALL_NAME_BASE = "@rpath";
				INFOPLIST_FILE = Resources/Info.plist;
				INSTALL_PATH = "$(LOCAL_LIBRARY_DIR)/Frameworks";
				LD_RUNPATH_SEARCH_PATHS = (
					"$(inherited)",
					"@executable_path/../Frameworks",
					"@loader_path/Frameworks",
				);
				MACOSX_DEPLOYMENT_TARGET = 10.13;
				MARKETING_VERSION = 1.0.0;
				PRODUCT_BUNDLE_IDENTIFIER = se.hexagons.live.mac;
				PRODUCT_NAME = "$(TARGET_NAME:c99extidentifier)";
				SDKROOT = macosx;
				SKIP_INSTALL = YES;
				SWIFT_VERSION = 5.0;
			};
			name = Release;
		};
		7443E68B2343C3DD0084F947 /* Debug */ = {
			isa = XCBuildConfiguration;
			buildSettings = {
				CODE_SIGN_STYLE = Automatic;
				DEFINES_MODULE = YES;
				DEVELOPMENT_TEAM = 2QHTY6FMW2;
				DYLIB_COMPATIBILITY_VERSION = 1;
				DYLIB_CURRENT_VERSION = 1;
				DYLIB_INSTALL_NAME_BASE = "@rpath";
				INFOPLIST_FILE = "$(SRCROOT)/Resources/Info.plist";
				INSTALL_PATH = "$(LOCAL_LIBRARY_DIR)/Frameworks";
				LD_RUNPATH_SEARCH_PATHS = (
					"$(inherited)",
					"@executable_path/Frameworks",
					"@loader_path/Frameworks",
				);
				PRODUCT_BUNDLE_IDENTIFIER = se.hexagons.live.tvos;
				PRODUCT_NAME = "$(TARGET_NAME:c99extidentifier)";
				SDKROOT = appletvos;
				SKIP_INSTALL = YES;
				SWIFT_VERSION = 5.0;
				TARGETED_DEVICE_FAMILY = 3;
				TVOS_DEPLOYMENT_TARGET = 13.0;
			};
			name = Debug;
		};
		7443E68C2343C3DD0084F947 /* Release */ = {
			isa = XCBuildConfiguration;
			buildSettings = {
				CODE_SIGN_STYLE = Automatic;
				DEFINES_MODULE = YES;
				DEVELOPMENT_TEAM = 2QHTY6FMW2;
				DYLIB_COMPATIBILITY_VERSION = 1;
				DYLIB_CURRENT_VERSION = 1;
				DYLIB_INSTALL_NAME_BASE = "@rpath";
				INFOPLIST_FILE = "$(SRCROOT)/Resources/Info.plist";
				INSTALL_PATH = "$(LOCAL_LIBRARY_DIR)/Frameworks";
				LD_RUNPATH_SEARCH_PATHS = (
					"$(inherited)",
					"@executable_path/Frameworks",
					"@loader_path/Frameworks",
				);
				PRODUCT_BUNDLE_IDENTIFIER = se.hexagons.live.tvos;
				PRODUCT_NAME = "$(TARGET_NAME:c99extidentifier)";
				SDKROOT = appletvos;
				SKIP_INSTALL = YES;
				SWIFT_VERSION = 5.0;
				TARGETED_DEVICE_FAMILY = 3;
				TVOS_DEPLOYMENT_TARGET = 13.0;
			};
			name = Release;
		};
/* End XCBuildConfiguration section */

/* Begin XCConfigurationList section */
		3ACA68B9232A3544003DD309 /* Build configuration list for PBXProject "Live" */ = {
			isa = XCConfigurationList;
			buildConfigurations = (
				3ACA68C5232A3544003DD309 /* Debug */,
				3ACA68C6232A3544003DD309 /* Release */,
			);
			defaultConfigurationIsVisible = 0;
			defaultConfigurationName = Release;
		};
		3ACA68C7232A3544003DD309 /* Build configuration list for PBXNativeTarget "Live" */ = {
			isa = XCConfigurationList;
			buildConfigurations = (
				3ACA68C8232A3544003DD309 /* Debug */,
				3ACA68C9232A3544003DD309 /* Release */,
			);
			defaultConfigurationIsVisible = 0;
			defaultConfigurationName = Release;
		};
		3ACA68ED232A374A003DD309 /* Build configuration list for PBXNativeTarget "Live-macOS" */ = {
			isa = XCConfigurationList;
			buildConfigurations = (
				3ACA68EE232A374A003DD309 /* Debug */,
				3ACA68EF232A374A003DD309 /* Release */,
			);
			defaultConfigurationIsVisible = 0;
			defaultConfigurationName = Release;
		};
		7443E68D2343C3DD0084F947 /* Build configuration list for PBXNativeTarget "Live-tvOS" */ = {
			isa = XCConfigurationList;
			buildConfigurations = (
				7443E68B2343C3DD0084F947 /* Debug */,
				7443E68C2343C3DD0084F947 /* Release */,
			);
			defaultConfigurationIsVisible = 0;
			defaultConfigurationName = Release;
		};
/* End XCConfigurationList section */
	};
	rootObject = 3ACA68B6232A3544003DD309 /* Project object */;
}
