PODS:
  - CocoaAsyncSocket (7.6.3)
  - OSCKit (0.3.5):
    - CocoaAsyncSocket (~> 7.3)

DEPENDENCIES:
  - OSCKit

SPEC REPOS:
  https://github.com/cocoapods/specs.git:
    - CocoaAsyncSocket
    - OSCKit

SPEC CHECKSUMS:
  CocoaAsyncSocket: eafaa68a7e0ec99ead0a7b35015e0bf25d2c8987
  OSCKit: 4470dbd30bc792dcf66dc4e7b5d1ec7174add33c

PODFILE CHECKSUM: 176ac1030c3e8ca6aca62b43f550225cdf3c9b1e

COCOAPODS: 1.7.2
